
Microsoft Visual Studio Solution File, Format Version 12.00
# Visual Studio Version 18
VisualStudioVersion = 18.3.11312.210 d18.3
MinimumVisualStudioVersion = 10.0.40219.1
Project("{FAE04EC0-301F-11D3-BF4B-00C04F79EFBC}") = "InsuranceService.API", "InsuranceService.API.csproj", "{1773B90D-BE5E-74E6-9E05-2AD16367DC90}"
EndProject
Global
	GlobalSection(SolutionConfigurationPlatforms) = preSolution
		Debug|Any CPU = Debug|Any CPU
		Release|Any CPU = Release|Any CPU
	EndGlobalSection
	GlobalSection(ProjectConfigurationPlatforms) = postSolution
		{1773B90D-BE5E-74E6-9E05-2AD16367DC90}.Debug|Any CPU.ActiveCfg = Debug|Any CPU
		{1773B90D-BE5E-74E6-9E05-2AD16367DC90}.Debug|Any CPU.Build.0 = Debug|Any CPU
		{1773B90D-BE5E-74E6-9E05-2AD16367DC90}.Release|Any CPU.ActiveCfg = Release|Any CPU
		{1773B90D-BE5E-74E6-9E05-2AD16367DC90}.Release|Any CPU.Build.0 = Release|Any CPU
	EndGlobalSection
	GlobalSection(SolutionProperties) = preSolution
		HideSolutionNode = FALSE
	EndGlobalSection
	GlobalSection(ExtensibilityGlobals) = postSolution
		SolutionGuid = {4DE11249-054F-4B40-BF12-96583C40F71C}
	EndGlobalSection
EndGlobal
